hash: 5398a272a557c605f8a45b4130d87d1757dcc8d26f85632b841d2907ec7213b8
updated: 2019-02-20T13:45:51.4584953+01:00
imports:
- name: github.com/gin-gonic/gin
  version: e2fa89777e344782ef5d31929f095f4589c35dcc
  subpackages:
  - binding
  - render
- name: github.com/julienschmidt/httprouter
  version: b428fda53bb0a764fea9c76c9413512eda291dec
- name: github.com/karlseguin/typed
  version: 8485ce47e80a176de6b192c76d06281cebdb9ff2
- name: github.com/mattn/go-colorable
  version: ed8eb9e318d7a84ce5915b495b7d35e0cfe7b5a8
- name: github.com/mattn/go-isatty
  version: 66b8e73f3f5cda9f96b69efd03dd3d7fc4a5cdb8
- name: golang.org/x/sys
  version: 30de6d19a3bd89a5f38ae4028e23aaa5582648af
  subpackages:
  - unix
testImports:
- name: github.com/davecgh/go-spew
  version: 6d212800a42e8ab5c146b8ace3490ee17e5225f9
  subpackages:
  - spew
- name: github.com/pmezard/go-difflib
  version: 792786c7400a136282c1664665ae0a8db921c6c2
  subpackages:
  - difflib
- name: github.com/stretchr/testify
  version: ffdc059bfe9ce6a4e144ba849dbedead332c6053
  subpackages:
  - assert
